
Microsoft Visual Studio Solution File, Format Version 12.00
# Visual Studio Version 17
VisualStudioVersion = 17.1.32228.430
MinimumVisualStudioVersion = 10.0.40219.1
Project("{9A19103F-16F7-4668-BE54-9A1E7A4F7556}") = "5", "ListaExerciciosImpactaCSharp\5.csproj", "{E5A7EBD1-395B-43B1-BC22-E459D5EA8AD3}"
EndProject
Project("{9A19103F-16F7-4668-BE54-9A1E7A4F7556}") = "6", "6\6.csproj", "{002FB028-B7FD-403D-9541-0A92925F79F7}"
EndProject
Project("{9A19103F-16F7-4668-BE54-9A1E7A4F7556}") = "7", "7\7.csproj", "{693977C5-D9DB-408A-9514-29051E3740BA}"
EndProject
Project("{9A19103F-16F7-4668-BE54-9A1E7A4F7556}") = "8", "8\8.csproj", "{C89F4724-B008-493E-888D-5B211C7BAFE8}"
EndProject
Project("{9A19103F-16F7-4668-BE54-9A1E7A4F7556}") = "9", "9\9.csproj", "{9C903CCB-4CD3-4723-9800-43F533D8CA4F}"
EndProject
Project("{FAE04EC0-301F-11D3-BF4B-00C04F79EFBC}") = "10", "10\10.csproj", "{B02D5DCE-8C93-45DC-B6A2-D8E26C744F9D}"
EndProject
Global
	GlobalSection(SolutionConfigurationPlatforms) = preSolution
		Debug|Any CPU = Debug|Any CPU
		Release|Any CPU = Release|Any CPU
	EndGlobalSection
	GlobalSection(ProjectConfigurationPlatforms) = postSolution
		{E5A7EBD1-395B-43B1-BC22-E459D5EA8AD3}.Debug|Any CPU.ActiveCfg = Debug|Any CPU
		{E5A7EBD1-395B-43B1-BC22-E459D5EA8AD3}.Debug|Any CPU.Build.0 = Debug|Any CPU
		{E5A7EBD1-395B-43B1-BC22-E459D5EA8AD3}.Release|Any CPU.ActiveCfg = Release|Any CPU
		{E5A7EBD1-395B-43B1-BC22-E459D5EA8AD3}.Release|Any CPU.Build.0 = Release|Any CPU
		{002FB028-B7FD-403D-9541-0A92925F79F7}.Debug|Any CPU.ActiveCfg = Debug|Any CPU
		{002FB028-B7FD-403D-9541-0A92925F79F7}.Debug|Any CPU.Build.0 = Debug|Any CPU
		{002FB028-B7FD-403D-9541-0A92925F79F7}.Release|Any CPU.ActiveCfg = Release|Any CPU
		{002FB028-B7FD-403D-9541-0A92925F79F7}.Release|Any CPU.Build.0 = Release|Any CPU
		{693977C5-D9DB-408A-9514-29051E3740BA}.Debug|Any CPU.ActiveCfg = Debug|Any CPU
		{693977C5-D9DB-408A-9514-29051E3740BA}.Debug|Any CPU.Build.0 = Debug|Any CPU
		{693977C5-D9DB-408A-9514-29051E3740BA}.Release|Any CPU.ActiveCfg = Release|Any CPU
		{693977C5-D9DB-408A-9514-29051E3740BA}.Release|Any CPU.Build.0 = Release|Any CPU
		{C89F4724-B008-493E-888D-5B211C7BAFE8}.Debug|Any CPU.ActiveCfg = Debug|Any CPU
		{C89F4724-B008-493E-888D-5B211C7BAFE8}.Debug|Any CPU.Build.0 = Debug|Any CPU
		{C89F4724-B008-493E-888D-5B211C7BAFE8}.Release|Any CPU.ActiveCfg = Release|Any CPU
		{C89F4724-B008-493E-888D-5B211C7BAFE8}.Release|Any CPU.Build.0 = Release|Any CPU
		{9C903CCB-4CD3-4723-9800-43F533D8CA4F}.Debug|Any CPU.ActiveCfg = Debug|Any CPU
		{9C903CCB-4CD3-4723-9800-43F533D8CA4F}.Debug|Any CPU.Build.0 = Debug|Any CPU
		{9C903CCB-4CD3-4723-9800-43F533D8CA4F}.Release|Any CPU.ActiveCfg = Release|Any CPU
		{9C903CCB-4CD3-4723-9800-43F533D8CA4F}.Release|Any CPU.Build.0 = Release|Any CPU
		{B02D5DCE-8C93-45DC-B6A2-D8E26C744F9D}.Debug|Any CPU.ActiveCfg = Debug|Any CPU
		{B02D5DCE-8C93-45DC-B6A2-D8E26C744F9D}.Debug|Any CPU.Build.0 = Debug|Any CPU
		{B02D5DCE-8C93-45DC-B6A2-D8E26C744F9D}.Release|Any CPU.ActiveCfg = Release|Any CPU
		{B02D5DCE-8C93-45DC-B6A2-D8E26C744F9D}.Release|Any CPU.Build.0 = Release|Any CPU
	EndGlobalSection
	GlobalSection(SolutionProperties) = preSolution
		HideSolutionNode = FALSE
	EndGlobalSection
	GlobalSection(ExtensibilityGlobals) = postSolution
		SolutionGuid = {84C5BBF0-CDAC-40C1-9CE9-BE9CF31856B7}
	EndGlobalSection
EndGlobal
